
Microsoft Visual Studio Solution File, Format Version 12.00
# Visual Studio Version 17
VisualStudioVersion = 17.11.35222.181
MinimumVisualStudioVersion = 10.0.40219.1
Project("{FAE04EC0-301F-11D3-BF4B-00C04F79EFBC}") = "DatabaseFirstDemo", "DatabaseFirstDemo\DatabaseFirstDemo.csproj", "{C373E496-A714-4CFD-AE10-4D0A69FBC5A7}"
EndProject
Global
	GlobalSection(SolutionConfigurationPlatforms) = preSolution
		Debug|Any CPU = Debug|Any CPU
		Release|Any CPU = Release|Any CPU
	EndGlobalSection
	GlobalSection(ProjectConfigurationPlatforms) = postSolution
		{C373E496-A714-4CFD-AE10-4D0A69FBC5A7}.Debug|Any CPU.ActiveCfg = Debug|Any CPU
		{C373E496-A714-4CFD-AE10-4D0A69FBC5A7}.Debug|Any CPU.Build.0 = Debug|Any CPU
		{C373E496-A714-4CFD-AE10-4D0A69FBC5A7}.Release|Any CPU.ActiveCfg = Release|Any CPU
		{C373E496-A714-4CFD-AE10-4D0A69FBC5A7}.Release|Any CPU.Build.0 = Release|Any CPU
	EndGlobalSection
	GlobalSection(SolutionProperties) = preSolution
		HideSolutionNode = FALSE
	EndGlobalSection
	GlobalSection(ExtensibilityGlobals) = postSolution
		SolutionGuid = {9CCD3BB4-6587-4A96-B927-C7F984BD3072}
	EndGlobalSection
EndGlobal
